
Microsoft Visual Studio Solution File, Format Version 12.00
# Visual Studio Version 16
VisualStudioVersion = 16.0.33529.622
MinimumVisualStudioVersion = 10.0.40219.1
Project("{FAE04EC0-301F-11D3-BF4B-00C04F79EFBC}") = "LecturaDePDF", "LecturaDePDF\LecturaDePDF.csproj", "{ACB3FCEA-E47E-480F-BE2A-F0387FCEC586}"
EndProject
Global
	GlobalSection(SolutionConfigurationPlatforms) = preSolution
		Debug|Any CPU = Debug|Any CPU
		Release|Any CPU = Release|Any CPU
	EndGlobalSection
	GlobalSection(ProjectConfigurationPlatforms) = postSolution
		{ACB3FCEA-E47E-480F-BE2A-F0387FCEC586}.Debug|Any CPU.ActiveCfg = Debug|Any CPU
		{ACB3FCEA-E47E-480F-BE2A-F0387FCEC586}.Debug|Any CPU.Build.0 = Debug|Any CPU
		{ACB3FCEA-E47E-480F-BE2A-F0387FCEC586}.Release|Any CPU.ActiveCfg = Release|Any CPU
		{ACB3FCEA-E47E-480F-BE2A-F0387FCEC586}.Release|Any CPU.Build.0 = Release|Any CPU
	EndGlobalSection
	GlobalSection(SolutionProperties) = preSolution
		HideSolutionNode = FALSE
	EndGlobalSection
	GlobalSection(ExtensibilityGlobals) = postSolution
		SolutionGuid = {FF3E0643-5E46-44C3-97B5-2ECF05CFE3FB}
	EndGlobalSection
EndGlobal
